
Microsoft Visual Studio Solution File, Format Version 12.00
# Visual Studio Version 17
VisualStudioVersion = 17.3.32922.545
MinimumVisualStudioVersion = 10.0.40219.1
Project("{FAE04EC0-301F-11D3-BF4B-00C04F79EFBC}") = "HashTableData", "HashTableData\HashTableData.csproj", "{D97BE54B-EE63-46F4-A6DB-0C00F30DA399}"
EndProject
Global
	GlobalSection(SolutionConfigurationPlatforms) = preSolution
		Debug|Any CPU = Debug|Any CPU
		Release|Any CPU = Release|Any CPU
	EndGlobalSection
	GlobalSection(ProjectConfigurationPlatforms) = postSolution
		{D97BE54B-EE63-46F4-A6DB-0C00F30DA399}.Debug|Any CPU.ActiveCfg = Debug|Any CPU
		{D97BE54B-EE63-46F4-A6DB-0C00F30DA399}.Debug|Any CPU.Build.0 = Debug|Any CPU
		{D97BE54B-EE63-46F4-A6DB-0C00F30DA399}.Release|Any CPU.ActiveCfg = Release|Any CPU
		{D97BE54B-EE63-46F4-A6DB-0C00F30DA399}.Release|Any CPU.Build.0 = Release|Any CPU
	EndGlobalSection
	GlobalSection(SolutionProperties) = preSolution
		HideSolutionNode = FALSE
	EndGlobalSection
	GlobalSection(ExtensibilityGlobals) = postSolution
		SolutionGuid = {6E01FDB6-4CF8-4044-B454-7E472F7F09B5}
	EndGlobalSection
EndGlobal
